// !$*UTF8*$!
{
	archiveVersion = 1;
	classes = {
	};
	objectVersion = 46;
	objects = {

/* Begin PBXBuildFile section */
		000D83DD0C8374BB022A6461 /* OpenGL.framework */ = {isa = PBXBuildFile; fileRef = 01892335AE60AA0D3C36B1AE; };
		04FE4034254F9392AE82AB23 /* include_juce_audio_basics.mm */ = {isa = PBXBuildFile; fileRef = 1176A6EBB65DB99F0CA85588; };
		08847E5A5BFC595DA9BFBEB4 /* include_juce_audio_formats.mm */ = {isa = PBXBuildFile; fileRef = 91C2D0F9A58707BB3E3DF7A8; };
		109CDA28F9F539A31D051199 /* include_juce_animation.cpp */ = {isa = PBXBuildFile; fileRef = CC0645936FC9D87E0B85349D; };
		13E9C086C6E90E91C69CF4C3 /* include_juce_data_structures.mm */ = {isa = PBXBuildFile; fileRef = A00661ACDA7284CC82CD74AB; };
		18C414B8FC1342BCD8FDF5CC /* include_juce_audio_devices.mm */ = {isa = PBXBuildFile; fileRef = 8A24B215B1326A971056070D; };
		1A77746432E817B6D60DB0C2 /* include_juce_audio_processors.mm */ = {isa = PBXBuildFile; fileRef = 4036180BC60D0CAC9B0E5B17; };
		1C37B06D818D3985CFD6621F /* Cocoa.framework */ = {isa = PBXBuildFile; fileRef = DA3FDB3331A3E2C41F07F61F; };
		2290013A5979D0A52F87A385 /* Foundation.framework */ = {isa = PBXBuildFile; fileRef = 3A4C4B80F2572F53D5DB65C0; };
		25E86002259199CC9599B936 /* MetalKit.framework */ = {isa = PBXBuildFile; fileRef = EC9E1A2DEFF72E3725509CF9; settings = { ATTRIBUTES = (Weak, ); }; };
		2A70BD7D69985A4E4B8EAEEB /* IOKit.framework */ = {isa = PBXBuildFile; fileRef = 874286D81BDFE342A357FD83; };
		2BB1031D20B4B3AE12A123B9 /* CoreMedia.framework */ = {isa = PBXBuildFile; fileRef = 2E6CC3404D2EAABEF7B8A6A7; };
		2D1194CF13E9BA58B9D9812F /* include_juce_opengl.mm */ = {isa = PBXBuildFile; fileRef = 6B39050E2BBBE86015943CF3; };
		2D524950643DF7DFB554AE3C /* include_juce_video.mm */ = {isa = PBXBuildFile; fileRef = DD2EA28F4FAF006B155259E9; };
		314D6CC1D5B685977CE97DEC /* include_juce_graphics_Harfbuzz.cpp */ = {isa = PBXBuildFile; fileRef = 0D6AF86B29C43B2746C5335C; };
		349C960E0BF99E189A68A945 /* CoreMIDI.framework */ = {isa = PBXBuildFile; fileRef = BDFDB08B184260770DD316BC; };
		37C75AE01CA4D516166F281D /* include_juce_audio_processors_ara.cpp */ = {isa = PBXBuildFile; fileRef = DFCD5160F219212D36A92496; };
		4AB464DC0FF3D15FECA47675 /* include_juce_core.mm */ = {isa = PBXBuildFile; fileRef = 3C3F01090FC93ED587B01B12; };
		4ECFF5698A0D55470AE4F880 /* include_juce_midi_ci.cpp */ = {isa = PBXBuildFile; fileRef = 47D060EA509F43DFD52D3AC8; };
		543C124CD1AFF12D9DCA90E5 /* CoreAudioKit.framework */ = {isa = PBXBuildFile; fileRef = B3A1A20B32AC60CB17D46789; };
		5B438752158510D493C4C540 /* include_juce_graphics_Sheenbidi.c */ = {isa = PBXBuildFile; fileRef = 2D64C298C95049D9340B1C5F; };
		5D391F8986E19D62F376D9FE /* include_juce_product_unlocking.mm */ = {isa = PBXBuildFile; fileRef = B209A35827CFC76292EE600C; };
		5F73CA7553DF09A2962C8E63 /* include_juce_javascript.cpp */ = {isa = PBXBuildFile; fileRef = 795D0EA19E566131C2BD33BC; };
		6B92398C1E980F74B66FD6C9 /* AVFoundation.framework */ = {isa = PBXBuildFile; fileRef = C9A139C6CD6937835D3B5E4D; };
		6C2989AAD2770245E5B18445 /* include_juce_osc.cpp */ = {isa = PBXBuildFile; fileRef = D7830AFD97399313AB72F8F3; };
		6DAB43F2834F1212DD74E005 /* include_juce_core_CompilationTime.cpp */ = {isa = PBXBuildFile; fileRef = A91A03688835612D2A66BF5C; };
		817B4CD397A3C045B6B438CF /* include_juce_analytics.cpp */ = {isa = PBXBuildFile; fileRef = A5F60BA638F385A1A5E982B7; };
		8B2BA00C5657305455774E8B /* Metal.framework */ = {isa = PBXBuildFile; fileRef = 1C4EC34F96F8C9D7246B2CD7; settings = { ATTRIBUTES = (Weak, ); }; };
		8EA9AC40EA0ED166A4C85A6D /* include_juce_gui_extra.mm */ = {isa = PBXBuildFile; fileRef = 6BF8ED82EF412CAE77916C9B; };
		90DF1A6756DB85405D121B53 /* include_juce_dsp.mm */ = {isa = PBXBuildFile; fileRef = 10A9BDA52751D413D0E323CB; };
		972C31E2AD1396C998E9AEC9 /* Main.cpp */ = {isa = PBXBuildFile; fileRef = 735876596CB90DCFD56B9AC4; };
		9E97EA38CFDD0A7826984DEF /* include_juce_cryptography.mm */ = {isa = PBXBuildFile; fileRef = 690896EA3FA1DFEC0172930B; };
		B1B2094FE7E75BDA693D6EDF /* AudioToolbox.framework */ = {isa = PBXBuildFile; fileRef = 6E48A7E546DEC53B41322EE7; };
		BDEDAADA0D814F6472305FA3 /* App */ = {isa = PBXBuildFile; fileRef = EB3EAF2A0C29F0D4AF995836; };
		BEBD7DFD964A3FB74701D215 /* DiscRecording.framework */ = {isa = PBXBuildFile; fileRef = BA9EA3DD78AA228AC5903846; };
		CC396468B27D2400EE166DE2 /* Accelerate.framework */ = {isa = PBXBuildFile; fileRef = 60FBE3868AEB81A41635BBE5; };
		CEE2541BEBB938928A516541 /* include_juce_box2d.cpp */ = {isa = PBXBuildFile; fileRef = 8337B14B1915B4268FB3C14B; };
		CFCC16A15CAEFC30AC1D4AD3 /* QuartzCore.framework */ = {isa = PBXBuildFile; fileRef = 2E4A59D192CE62E9D27F1057; };
		D5A6CEE63DEAFE109F11C64E /* RecentFilesMenuTemplate.nib */ = {isa = PBXBuildFile; fileRef = 91141FB65EB7EF4CA5BFE2D5; };
		D8FE5CEA84D2108C6088747D /* CoreAudio.framework */ = {isa = PBXBuildFile; fileRef = 3FFDE748975D645DA7021397; };
		DA17F59030FF79347545A60F /* include_juce_gui_basics.mm */ = {isa = PBXBuildFile; fileRef = 2C866071FB8FAD6EA8B83C56; };
		DDC31D178A3AE01754B2BB60 /* include_juce_events.mm */ = {isa = PBXBuildFile; fileRef = 1226D120516A2002CEED1902; };
		DDC39C46F73C47AB0EC078C5 /* WebKit.framework */ = {isa = PBXBuildFile; fileRef = 6AB5D1629592378CA50F0DAA; };
		E07CC42E59BF56C907FA10E7 /* include_juce_audio_utils.mm */ = {isa = PBXBuildFile; fileRef = 94ADEF6D047B08789B6066E8; };
		E37FE12894B7EA027938AE36 /* AVKit.framework */ = {isa = PBXBuildFile; fileRef = E3D3EF3AC777605C367BD6C7; };
		E81F3B758F88E6C85C3A55A1 /* Security.framework */ = {isa = PBXBuildFile; fileRef = 8CD361F32E9A67D83A596F13; };
		EDD0E595E3D3310E2EB5E631 /* include_juce_graphics.mm */ = {isa = PBXBuildFile; fileRef = CBCD1BF4BC680CC6C5F19E87; };
		EF9BEEC6A59D31CD330CF76C /* MainComponent.cpp */ = {isa = PBXBuildFile; fileRef = 05FC363299F63D3DE52B6734; };
		F45C421552508779E04512F5 /* include_juce_audio_plugin_client_ARA.cpp */ = {isa = PBXBuildFile; fileRef = B78A8F95CF79D78B117446CA; };
		FD5ABBC979EB4AFA75F94D01 /* include_juce_audio_processors_lv2_libs.cpp */ = {isa = PBXBuildFile; fileRef = CEDC271F807177DFB88BD79C; };
/* End PBXBuildFile section */

/* Begin PBXFileReference section */
		01892335AE60AA0D3C36B1AE /* OpenGL.framework */ /* OpenGL.framework */ = {isa = PBXFileReference; lastKnownFileType = wrapper.framework; name = OpenGL.framework; path = System/Library/Frameworks/OpenGL.framework; sourceTree = SDKROOT; };
		05FC363299F63D3DE52B6734 /* MainComponent.cpp */ /* MainComponent.cpp */ = {isa = PBXFileReference; lastKnownFileType = sourcecode.cpp.cpp; name = MainComponent.cpp; path = ../../Source/MainComponent.cpp; sourceTree = SOURCE_ROOT; };
		0C0C1922EB8F15C0CF921E23 /* juce_audio_utils */ /* juce_audio_utils */ = {isa = PBXFileReference; lastKnownFileType = folder; name = juce_audio_utils; path = /Users/prathambansal/Projects/Streamline/JUCE/JUCE/modules/juce_audio_utils; sourceTree = "<absolute>"; };
		0D6AF86B29C43B2746C5335C /* include_juce_graphics_Harfbuzz.cpp */ /* include_juce_graphics_Harfbuzz.cpp */ = {isa = PBXFileReference; lastKnownFileType = sourcecode.cpp.cpp; name = include_juce_graphics_Harfbuzz.cpp; path = ../../JuceLibraryCode/include_juce_graphics_Harfbuzz.cpp; sourceTree = SOURCE_ROOT; };
		10A9BDA52751D413D0E323CB /* include_juce_dsp.mm */ /* include_juce_dsp.mm */ = {isa = PBXFileReference; lastKnownFileType = sourcecode.cpp.objcpp; name = include_juce_dsp.mm; path = ../../JuceLibraryCode/include_juce_dsp.mm; sourceTree = SOURCE_ROOT; };
		1176A6EBB65DB99F0CA85588 /* include_juce_audio_basics.mm */ /* include_juce_audio_basics.mm */ = {isa = PBXFileReference; lastKnownFileType = sourcecode.cpp.objcpp; name = include_juce_audio_basics.mm; path = ../../JuceLibraryCode/include_juce_audio_basics.mm; sourceTree = SOURCE_ROOT; };
		1226D120516A2002CEED1902 /* include_juce_events.mm */ /* include_juce_events.mm */ = {isa = PBXFileReference; lastKnownFileType = sourcecode.cpp.objcpp; name = include_juce_events.mm; path = ../../JuceLibraryCode/include_juce_events.mm; sourceTree = SOURCE_ROOT; };
		1580EF81E86B70799EF9D338 /* juce_javascript */ /* juce_javascript */ = {isa = PBXFileReference; lastKnownFileType = folder; name = juce_javascript; path = /Users/prathambansal/Projects/Streamline/JUCE/JUCE/modules/juce_javascript; sourceTree = "<absolute>"; };
		15E0D02D7506F5B592CFD7FC /* juce_osc */ /* juce_osc */ = {isa = PBXFileReference; lastKnownFileType = folder; name = juce_osc; path = /Users/prathambansal/Projects/Streamline/JUCE/JUCE/modules/juce_osc; sourceTree = "<absolute>"; };
		1C4EC34F96F8C9D7246B2CD7 /* Metal.framework */ /* Metal.framework */ = {isa = PBXFileReference; lastKnownFileType = wrapper.framework; name = Metal.framework; path = System/Library/Frameworks/Metal.framework; sourceTree = SDKROOT; };
		2B9F005B6513C2DF39C4CE81 /* juce_audio_plugin_client */ /* juce_audio_plugin_client */ = {isa = PBXFileReference; lastKnownFileType = folder; name = juce_audio_plugin_client; path = /Users/prathambansal/Projects/Streamline/JUCE/JUCE/modules/juce_audio_plugin_client; sourceTree = "<absolute>"; };
		2C866071FB8FAD6EA8B83C56 /* include_juce_gui_basics.mm */ /* include_juce_gui_basics.mm */ = {isa = PBXFileReference; lastKnownFileType = sourcecode.cpp.objcpp; name = include_juce_gui_basics.mm; path = ../../JuceLibraryCode/include_juce_gui_basics.mm; sourceTree = SOURCE_ROOT; };
		2D64C298C95049D9340B1C5F /* include_juce_graphics_Sheenbidi.c */ /* include_juce_graphics_Sheenbidi.c */ = {isa = PBXFileReference; lastKnownFileType = sourcecode.c.c; name = include_juce_graphics_Sheenbidi.c; path = ../../JuceLibraryCode/include_juce_graphics_Sheenbidi.c; sourceTree = SOURCE_ROOT; };
		2E4A59D192CE62E9D27F1057 /* QuartzCore.framework */ /* QuartzCore.framework */ = {isa = PBXFileReference; lastKnownFileType = wrapper.framework; name = QuartzCore.framework; path = System/Library/Frameworks/QuartzCore.framework; sourceTree = SDKROOT; };
		2E6CC3404D2EAABEF7B8A6A7 /* CoreMedia.framework */ /* CoreMedia.framework */ = {isa = PBXFileReference; lastKnownFileType = wrapper.framework; name = CoreMedia.framework; path = System/Library/Frameworks/CoreMedia.framework; sourceTree = SDKROOT; };
		30C8820F96AC073008EEB1CE /* juce_analytics */ /* juce_analytics */ = {isa = PBXFileReference; lastKnownFileType = folder; name = juce_analytics; path = /Users/prathambansal/Projects/Streamline/JUCE/JUCE/modules/juce_analytics; sourceTree = "<absolute>"; };
		31E81277BE63FD4ACB60E1EA /* juce_opengl */ /* juce_opengl */ = {isa = PBXFileReference; lastKnownFileType = folder; name = juce_opengl; path = /Users/prathambansal/Projects/Streamline/JUCE/JUCE/modules/juce_opengl; sourceTree = "<absolute>"; };
		32780B3DD68492C1DD702100 /* juce_audio_basics */ /* juce_audio_basics */ = {isa = PBXFileReference; lastKnownFileType = folder; name = juce_audio_basics; path = /Users/prathambansal/Projects/Streamline/JUCE/JUCE/modules/juce_audio_basics; sourceTree = "<absolute>"; };
		35EA3B81F877D2B7E10FFBD0 /* juce_cryptography */ /* juce_cryptography */ = {isa = PBXFileReference; lastKnownFileType = folder; name = juce_cryptography; path = /Users/prathambansal/Projects/Streamline/JUCE/JUCE/modules/juce_cryptography; sourceTree = "<absolute>"; };
		36998D58766D3E6F53987B20 /* juce_gui_extra */ /* juce_gui_extra */ = {isa = PBXFileReference; lastKnownFileType = folder; name = juce_gui_extra; path = /Users/prathambansal/Projects/Streamline/JUCE/JUCE/modules/juce_gui_extra; sourceTree = "<absolute>"; };
		371B950C4141046479B33338 /* juce_core */ /* juce_core */ = {isa = PBXFileReference; lastKnownFileType = folder; name = juce_core; path = /Users/prathambansal/Projects/Streamline/JUCE/JUCE/modules/juce_core; sourceTree = "<absolute>"; };
		3A4C4B80F2572F53D5DB65C0 /* Foundation.framework */ /* Foundation.framework */ = {isa = PBXFileReference; lastKnownFileType = wrapper.framework; name = Foundation.framework; path = System/Library/Frameworks/Foundation.framework; sourceTree = SDKROOT; };
		3C3F01090FC93ED587B01B12 /* include_juce_core.mm */ /* include_juce_core.mm */ = {isa = PBXFileReference; lastKnownFileType = sourcecode.cpp.objcpp; name = include_juce_core.mm; path = ../../JuceLibraryCode/include_juce_core.mm; sourceTree = SOURCE_ROOT; };
		3F3F10E120648EAAA8BEEE29 /* juce_data_structures */ /* juce_data_structures */ = {isa = PBXFileReference; lastKnownFileType = folder; name = juce_data_structures; path = /Users/prathambansal/Projects/Streamline/JUCE/JUCE/modules/juce_data_structures; sourceTree = "<absolute>"; };
		3F9D92C13FC3CB56D8ED28F4 /* juce_video */ /* juce_video */ = {isa = PBXFileReference; lastKnownFileType = folder; name = juce_video; path = /Users/prathambansal/Projects/Streamline/JUCE/JUCE/modules/juce_video; sourceTree = "<absolute>"; };
		3FFDE748975D645DA7021397 /* CoreAudio.framework */ /* CoreAudio.framework */ = {isa = PBXFileReference; lastKnownFileType = wrapper.framework; name = CoreAudio.framework; path = System/Library/Frameworks/CoreAudio.framework; sourceTree = SDKROOT; };
		4036180BC60D0CAC9B0E5B17 /* include_juce_audio_processors.mm */ /* include_juce_audio_processors.mm */ = {isa = PBXFileReference; lastKnownFileType = sourcecode.cpp.objcpp; name = include_juce_audio_processors.mm; path = ../../JuceLibraryCode/include_juce_audio_processors.mm; sourceTree = SOURCE_ROOT; };
		45F20D1F10931D26732BEC0E /* juce_audio_processors */ /* juce_audio_processors */ = {isa = PBXFileReference; lastKnownFileType = folder; name = juce_audio_processors; path = /Users/prathambansal/Projects/Streamline/JUCE/JUCE/modules/juce_audio_processors; sourceTree = "<absolute>"; };
		47D060EA509F43DFD52D3AC8 /* include_juce_midi_ci.cpp */ /* include_juce_midi_ci.cpp */ = {isa = PBXFileReference; lastKnownFileType = sourcecode.cpp.cpp; name = include_juce_midi_ci.cpp; path = ../../JuceLibraryCode/include_juce_midi_ci.cpp; sourceTree = SOURCE_ROOT; };
		48AD474CEE196EBBC647D8F2 /* Info-App.plist */ /* Info-App.plist */ = {isa = PBXFileReference; lastKnownFileType = text.plist.xml; name = "Info-App.plist"; path = "Info-App.plist"; sourceTree = SOURCE_ROOT; };
		49AAFE9645C37AAD7A506D6D /* juce_dsp */ /* juce_dsp */ = {isa = PBXFileReference; lastKnownFileType = folder; name = juce_dsp; path = /Users/prathambansal/Projects/Streamline/JUCE/JUCE/modules/juce_dsp; sourceTree = "<absolute>"; };
		4DA059B1B19C30AF1A35A1E2 /* juce_gui_basics */ /* juce_gui_basics */ = {isa = PBXFileReference; lastKnownFileType = folder; name = juce_gui_basics; path = /Users/prathambansal/Projects/Streamline/JUCE/JUCE/modules/juce_gui_basics; sourceTree = "<absolute>"; };
		509D5E70D0F003C1B0E4F2A1 /* juce_events */ /* juce_events */ = {isa = PBXFileReference; lastKnownFileType = folder; name = juce_events; path = /Users/prathambansal/Projects/Streamline/JUCE/JUCE/modules/juce_events; sourceTree = "<absolute>"; };
		59D69DACA0DD8C1452CF45B6 /* MainComponent.h */ /* MainComponent.h */ = {isa = PBXFileReference; lastKnownFileType = sourcecode.c.h; name = MainComponent.h; path = ../../Source/MainComponent.h; sourceTree = SOURCE_ROOT; };
		5B0E83828658D6F0B42D45D5 /* juce_graphics */ /* juce_graphics */ = {isa = PBXFileReference; lastKnownFileType = folder; name = juce_graphics; path = /Users/prathambansal/Projects/Streamline/JUCE/JUCE/modules/juce_graphics; sourceTree = "<absolute>"; };
		60FBE3868AEB81A41635BBE5 /* Accelerate.framework */ /* Accelerate.framework */ = {isa = PBXFileReference; lastKnownFileType = wrapper.framework; name = Accelerate.framework; path = System/Library/Frameworks/Accelerate.framework; sourceTree = SDKROOT; };
		66230297E1067094C4CA970C /* juce_animation */ /* juce_animation */ = {isa = PBXFileReference; lastKnownFileType = folder; name = juce_animation; path = /Users/prathambansal/Projects/Streamline/JUCE/JUCE/modules/juce_animation; sourceTree = "<absolute>"; };
		690896EA3FA1DFEC0172930B /* include_juce_cryptography.mm */ /* include_juce_cryptography.mm */ = {isa = PBXFileReference; lastKnownFileType = sourcecode.cpp.objcpp; name = include_juce_cryptography.mm; path = ../../JuceLibraryCode/include_juce_cryptography.mm; sourceTree = SOURCE_ROOT; };
		6AB5D1629592378CA50F0DAA /* WebKit.framework */ /* WebKit.framework */ = {isa = PBXFileReference; lastKnownFileType = wrapper.framework; name = WebKit.framework; path = System/Library/Frameworks/WebKit.framework; sourceTree = SDKROOT; };
		6B39050E2BBBE86015943CF3 /* include_juce_opengl.mm */ /* include_juce_opengl.mm */ = {isa = PBXFileReference; lastKnownFileType = sourcecode.cpp.objcpp; name = include_juce_opengl.mm; path = ../../JuceLibraryCode/include_juce_opengl.mm; sourceTree = SOURCE_ROOT; };
		6BF8ED82EF412CAE77916C9B /* include_juce_gui_extra.mm */ /* include_juce_gui_extra.mm */ = {isa = PBXFileReference; lastKnownFileType = sourcecode.cpp.objcpp; name = include_juce_gui_extra.mm; path = ../../JuceLibraryCode/include_juce_gui_extra.mm; sourceTree = SOURCE_ROOT; };
		6E48A7E546DEC53B41322EE7 /* AudioToolbox.framework */ /* AudioToolbox.framework */ = {isa = PBXFileReference; lastKnownFileType = wrapper.framework; name = AudioToolbox.framework; path = System/Library/Frameworks/AudioToolbox.framework; sourceTree = SDKROOT; };
		6EDB5557E92A5FFF41562443 /* juce_audio_devices */ /* juce_audio_devices */ = {isa = PBXFileReference; lastKnownFileType = folder; name = juce_audio_devices; path = /Users/prathambansal/Projects/Streamline/JUCE/JUCE/modules/juce_audio_devices; sourceTree = "<absolute>"; };
		70F27A9E3D948224C63DB50C /* JuceHeader.h */ /* JuceHeader.h */ = {isa = PBXFileReference; lastKnownFileType = sourcecode.c.h; name = JuceHeader.h; path = ../../JuceLibraryCode/JuceHeader.h; sourceTree = SOURCE_ROOT; };
		735876596CB90DCFD56B9AC4 /* Main.cpp */ /* Main.cpp */ = {isa = PBXFileReference; lastKnownFileType = sourcecode.cpp.cpp; name = Main.cpp; path = ../../Source/Main.cpp; sourceTree = SOURCE_ROOT; };
		78026BAFC9D956420B5A643C /* juce_product_unlocking */ /* juce_product_unlocking */ = {isa = PBXFileReference; lastKnownFileType = folder; name = juce_product_unlocking; path = /Users/prathambansal/Projects/Streamline/JUCE/JUCE/modules/juce_product_unlocking; sourceTree = "<absolute>"; };
		795D0EA19E566131C2BD33BC /* include_juce_javascript.cpp */ /* include_juce_javascript.cpp */ = {isa = PBXFileReference; lastKnownFileType = sourcecode.cpp.cpp; name = include_juce_javascript.cpp; path = ../../JuceLibraryCode/include_juce_javascript.cpp; sourceTree = SOURCE_ROOT; };
		8337B14B1915B4268FB3C14B /* include_juce_box2d.cpp */ /* include_juce_box2d.cpp */ = {isa = PBXFileReference; lastKnownFileType = sourcecode.cpp.cpp; name = include_juce_box2d.cpp; path = ../../JuceLibraryCode/include_juce_box2d.cpp; sourceTree = SOURCE_ROOT; };
		874286D81BDFE342A357FD83 /* IOKit.framework */ /* IOKit.framework */ = {isa = PBXFileReference; lastKnownFileType = wrapper.framework; name = IOKit.framework; path = System/Library/Frameworks/IOKit.framework; sourceTree = SDKROOT; };
		8A24B215B1326A971056070D /* include_juce_audio_devices.mm */ /* include_juce_audio_devices.mm */ = {isa = PBXFileReference; lastKnownFileType = sourcecode.cpp.objcpp; name = include_juce_audio_devices.mm; path = ../../JuceLibraryCode/include_juce_audio_devices.mm; sourceTree = SOURCE_ROOT; };
		8CD361F32E9A67D83A596F13 /* Security.framework */ /* Security.framework */ = {isa = PBXFileReference; lastKnownFileType = wrapper.framework; name = Security.framework; path = System/Library/Frameworks/Security.framework; sourceTree = SDKROOT; };
		91141FB65EB7EF4CA5BFE2D5 /* RecentFilesMenuTemplate.nib */ /* RecentFilesMenuTemplate.nib */ = {isa = PBXFileReference; lastKnownFileType = file.nib; name = RecentFilesMenuTemplate.nib; path = RecentFilesMenuTemplate.nib; sourceTree = SOURCE_ROOT; };
		91C2D0F9A58707BB3E3DF7A8 /* include_juce_audio_formats.mm */ /* include_juce_audio_formats.mm */ = {isa = PBXFileReference; lastKnownFileType = sourcecode.cpp.objcpp; name = include_juce_audio_formats.mm; path = ../../JuceLibraryCode/include_juce_audio_formats.mm; sourceTree = SOURCE_ROOT; };
		94ADEF6D047B08789B6066E8 /* include_juce_audio_utils.mm */ /* include_juce_audio_utils.mm */ = {isa = PBXFileReference; lastKnownFileType = sourcecode.cpp.objcpp; name = include_juce_audio_utils.mm; path = ../../JuceLibraryCode/include_juce_audio_utils.mm; sourceTree = SOURCE_ROOT; };
		95FF59D2C54D8BF028CD8A6A /* juce_box2d */ /* juce_box2d */ = {isa = PBXFileReference; lastKnownFileType = folder; name = juce_box2d; path = /Users/prathambansal/Projects/Streamline/JUCE/JUCE/modules/juce_box2d; sourceTree = "<absolute>"; };
		A00661ACDA7284CC82CD74AB /* include_juce_data_structures.mm */ /* include_juce_data_structures.mm */ = {isa = PBXFileReference; lastKnownFileType = sourcecode.cpp.objcpp; name = include_juce_data_structures.mm; path = ../../JuceLibraryCode/include_juce_data_structures.mm; sourceTree = SOURCE_ROOT; };
		A5F60BA638F385A1A5E982B7 /* include_juce_analytics.cpp */ /* include_juce_analytics.cpp */ = {isa = PBXFileReference; lastKnownFileType = sourcecode.cpp.cpp; name = include_juce_analytics.cpp; path = ../../JuceLibraryCode/include_juce_analytics.cpp; sourceTree = SOURCE_ROOT; };
		A91A03688835612D2A66BF5C /* include_juce_core_CompilationTime.cpp */ /* include_juce_core_CompilationTime.cpp */ = {isa = PBXFileReference; lastKnownFileType = sourcecode.cpp.cpp; name = include_juce_core_CompilationTime.cpp; path = ../../JuceLibraryCode/include_juce_core_CompilationTime.cpp; sourceTree = SOURCE_ROOT; };
		B209A35827CFC76292EE600C /* include_juce_product_unlocking.mm */ /* include_juce_product_unlocking.mm */ = {isa = PBXFileReference; lastKnownFileType = sourcecode.cpp.objcpp; name = include_juce_product_unlocking.mm; path = ../../JuceLibraryCode/include_juce_product_unlocking.mm; sourceTree = SOURCE_ROOT; };
		B3A1A20B32AC60CB17D46789 /* CoreAudioKit.framework */ /* CoreAudioKit.framework */ = {isa = PBXFileReference; lastKnownFileType = wrapper.framework; name = CoreAudioKit.framework; path = System/Library/Frameworks/CoreAudioKit.framework; sourceTree = SDKROOT; };
		B78A8F95CF79D78B117446CA /* include_juce_audio_plugin_client_ARA.cpp */ /* include_juce_audio_plugin_client_ARA.cpp */ = {isa = PBXFileReference; lastKnownFileType = sourcecode.cpp.cpp; name = include_juce_audio_plugin_client_ARA.cpp; path = ../../JuceLibraryCode/include_juce_audio_plugin_client_ARA.cpp; sourceTree = SOURCE_ROOT; };
		BA9EA3DD78AA228AC5903846 /* DiscRecording.framework */ /* DiscRecording.framework */ = {isa = PBXFileReference; lastKnownFileType = wrapper.framework; name = DiscRecording.framework; path = System/Library/Frameworks/DiscRecording.framework; sourceTree = SDKROOT; };
		BDFDB08B184260770DD316BC /* CoreMIDI.framework */ /* CoreMIDI.framework */ = {isa = PBXFileReference; lastKnownFileType = wrapper.framework; name = CoreMIDI.framework; path = System/Library/Frameworks/CoreMIDI.framework; sourceTree = SDKROOT; };
		C9A139C6CD6937835D3B5E4D /* AVFoundation.framework */ /* AVFoundation.framework */ = {isa = PBXFileReference; lastKnownFileType = wrapper.framework; name = AVFoundation.framework; path = System/Library/Frameworks/AVFoundation.framework; sourceTree = SDKROOT; };
		CBCD1BF4BC680CC6C5F19E87 /* include_juce_graphics.mm */ /* include_juce_graphics.mm */ = {isa = PBXFileReference; lastKnownFileType = sourcecode.cpp.objcpp; name = include_juce_graphics.mm; path = ../../JuceLibraryCode/include_juce_graphics.mm; sourceTree = SOURCE_ROOT; };
		CC0645936FC9D87E0B85349D /* include_juce_animation.cpp */ /* include_juce_animation.cpp */ = {isa = PBXFileReference; lastKnownFileType = sourcecode.cpp.cpp; name = include_juce_animation.cpp; path = ../../JuceLibraryCode/include_juce_animation.cpp; sourceTree = SOURCE_ROOT; };
		CDF6C95B858AD3ABD9528C20 /* juce_midi_ci */ /* juce_midi_ci */ = {isa = PBXFileReference; lastKnownFileType = folder; name = juce_midi_ci; path = /Users/prathambansal/Projects/Streamline/JUCE/JUCE/modules/juce_midi_ci; sourceTree = "<absolute>"; };
		CEDC271F807177DFB88BD79C /* include_juce_audio_processors_lv2_libs.cpp */ /* include_juce_audio_processors_lv2_libs.cpp */ = {isa = PBXFileReference; lastKnownFileType = sourcecode.cpp.cpp; name = include_juce_audio_processors_lv2_libs.cpp; path = ../../JuceLibraryCode/include_juce_audio_processors_lv2_libs.cpp; sourceTree = SOURCE_ROOT; };
		D7830AFD97399313AB72F8F3 /* include_juce_osc.cpp */ /* include_juce_osc.cpp */ = {isa = PBXFileReference; lastKnownFileType = sourcecode.cpp.cpp; name = include_juce_osc.cpp; path = ../../JuceLibraryCode/include_juce_osc.cpp; sourceTree = SOURCE_ROOT; };
		DA3FDB3331A3E2C41F07F61F /* Cocoa.framework */ /* Cocoa.framework */ = {isa = PBXFileReference; lastKnownFileType = wrapper.framework; name = Cocoa.framework; path = System/Library/Frameworks/Cocoa.framework; sourceTree = SDKROOT; };
		DD2EA28F4FAF006B155259E9 /* include_juce_video.mm */ /* include_juce_video.mm */ = {isa = PBXFileReference; lastKnownFileType = sourcecode.cpp.objcpp; name = include_juce_video.mm; path = ../../JuceLibraryCode/include_juce_video.mm; sourceTree = SOURCE_ROOT; };
		DE052C82841355F56F28FF53 /* juce_audio_formats */ /* juce_audio_formats */ = {isa = PBXFileReference; lastKnownFileType = folder; name = juce_audio_formats; path = /Users/prathambansal/Projects/Streamline/JUCE/JUCE/modules/juce_audio_formats; sourceTree = "<absolute>"; };
		DFCD5160F219212D36A92496 /* include_juce_audio_processors_ara.cpp */ /* include_juce_audio_processors_ara.cpp */ = {isa = PBXFileReference; lastKnownFileType = sourcecode.cpp.cpp; name = include_juce_audio_processors_ara.cpp; path = ../../JuceLibraryCode/include_juce_audio_processors_ara.cpp; sourceTree = SOURCE_ROOT; };
		E3D3EF3AC777605C367BD6C7 /* AVKit.framework */ /* AVKit.framework */ = {isa = PBXFileReference; lastKnownFileType = wrapper.framework; name = AVKit.framework; path = System/Library/Frameworks/AVKit.framework; sourceTree = SDKROOT; };
		EB3EAF2A0C29F0D4AF995836 /* App */ = {isa = PBXFileReference; explicitFileType = wrapper.application; includeInIndex = 0; path = NewProject.app; sourceTree = BUILT_PRODUCTS_DIR; };
		EC9E1A2DEFF72E3725509CF9 /* MetalKit.framework */ /* MetalKit.framework */ = {isa = PBXFileReference; lastKnownFileType = wrapper.framework; name = MetalKit.framework; path = System/Library/Frameworks/MetalKit.framework; sourceTree = SDKROOT; };
/* End PBXFileReference section */

/* Begin PBXFrameworksBuildPhase section */
		27566C2CDC0BF2F58E489107 = {
			isa = PBXFrameworksBuildPhase;
			buildActionMask = 2147483647;
			files = (
				CC396468B27D2400EE166DE2,
				B1B2094FE7E75BDA693D6EDF,
				6B92398C1E980F74B66FD6C9,
				E37FE12894B7EA027938AE36,
				1C37B06D818D3985CFD6621F,
				D8FE5CEA84D2108C6088747D,
				543C124CD1AFF12D9DCA90E5,
				2BB1031D20B4B3AE12A123B9,
				349C960E0BF99E189A68A945,
				BEBD7DFD964A3FB74701D215,
				2290013A5979D0A52F87A385,
				2A70BD7D69985A4E4B8EAEEB,
				000D83DD0C8374BB022A6461,
				CFCC16A15CAEFC30AC1D4AD3,
				E81F3B758F88E6C85C3A55A1,
				DDC39C46F73C47AB0EC078C5,
				8B2BA00C5657305455774E8B,
				25E86002259199CC9599B936,
			);
			runOnlyForDeploymentPostprocessing = 0;
		};
/* End PBXFrameworksBuildPhase section */

/* Begin PBXGroup section */
		4FF4EF93629173293AA1E0BB /* NewProject */ = {
			isa = PBXGroup;
			children = (
				63A8FF83C7588F09E9117EB3,
			);
			name = NewProject;
			sourceTree = "<group>";
		};
		63A8FF83C7588F09E9117EB3 /* Source */ = {
			isa = PBXGroup;
			children = (
				735876596CB90DCFD56B9AC4,
				59D69DACA0DD8C1452CF45B6,
				05FC363299F63D3DE52B6734,
			);
			name = Source;
			sourceTree = "<group>";
		};
		6D4D7137D4835ACE1A2071FB /* Resources */ = {
			isa = PBXGroup;
			children = (
				48AD474CEE196EBBC647D8F2,
				91141FB65EB7EF4CA5BFE2D5,
			);
			name = Resources;
			sourceTree = "<group>";
		};
		747A6441281EEB90F40114C3 /* JUCE Modules */ = {
			isa = PBXGroup;
			children = (
				30C8820F96AC073008EEB1CE,
				66230297E1067094C4CA970C,
				32780B3DD68492C1DD702100,
				6EDB5557E92A5FFF41562443,
				DE052C82841355F56F28FF53,
				2B9F005B6513C2DF39C4CE81,
				45F20D1F10931D26732BEC0E,
				0C0C1922EB8F15C0CF921E23,
				95FF59D2C54D8BF028CD8A6A,
				371B950C4141046479B33338,
				35EA3B81F877D2B7E10FFBD0,
				3F3F10E120648EAAA8BEEE29,
				49AAFE9645C37AAD7A506D6D,
				509D5E70D0F003C1B0E4F2A1,
				5B0E83828658D6F0B42D45D5,
				4DA059B1B19C30AF1A35A1E2,
				36998D58766D3E6F53987B20,
				1580EF81E86B70799EF9D338,
				CDF6C95B858AD3ABD9528C20,
				31E81277BE63FD4ACB60E1EA,
				15E0D02D7506F5B592CFD7FC,
				78026BAFC9D956420B5A643C,
				3F9D92C13FC3CB56D8ED28F4,
			);
			name = "JUCE Modules";
			sourceTree = "<group>";
		};
		97AD29B7036BC03C75E1DA7B /* JUCE Library Code */ = {
			isa = PBXGroup;
			children = (
				A5F60BA638F385A1A5E982B7,
				CC0645936FC9D87E0B85349D,
				1176A6EBB65DB99F0CA85588,
				8A24B215B1326A971056070D,
				91C2D0F9A58707BB3E3DF7A8,
				B78A8F95CF79D78B117446CA,
				4036180BC60D0CAC9B0E5B17,
				DFCD5160F219212D36A92496,
				CEDC271F807177DFB88BD79C,
				94ADEF6D047B08789B6066E8,
				8337B14B1915B4268FB3C14B,
				3C3F01090FC93ED587B01B12,
				A91A03688835612D2A66BF5C,
				690896EA3FA1DFEC0172930B,
				A00661ACDA7284CC82CD74AB,
				10A9BDA52751D413D0E323CB,
				1226D120516A2002CEED1902,
				CBCD1BF4BC680CC6C5F19E87,
				0D6AF86B29C43B2746C5335C,
				2D64C298C95049D9340B1C5F,
				2C866071FB8FAD6EA8B83C56,
				6BF8ED82EF412CAE77916C9B,
				795D0EA19E566131C2BD33BC,
				47D060EA509F43DFD52D3AC8,
				6B39050E2BBBE86015943CF3,
				D7830AFD97399313AB72F8F3,
				B209A35827CFC76292EE600C,
				DD2EA28F4FAF006B155259E9,
				70F27A9E3D948224C63DB50C,
			);
			name = "JUCE Library Code";
			sourceTree = "<group>";
		};
		9D365CC7DFB53C13C0B17B10 /* Products */ = {
			isa = PBXGroup;
			children = (
				EB3EAF2A0C29F0D4AF995836,
			);
			name = Products;
			sourceTree = "<group>";
		};
		CA06DEFE6C606B24CD80519A /* Frameworks */ = {
			isa = PBXGroup;
			children = (
				60FBE3868AEB81A41635BBE5,
				6E48A7E546DEC53B41322EE7,
				C9A139C6CD6937835D3B5E4D,
				E3D3EF3AC777605C367BD6C7,
				DA3FDB3331A3E2C41F07F61F,
				3FFDE748975D645DA7021397,
				B3A1A20B32AC60CB17D46789,
				2E6CC3404D2EAABEF7B8A6A7,
				BDFDB08B184260770DD316BC,
				BA9EA3DD78AA228AC5903846,
				3A4C4B80F2572F53D5DB65C0,
				874286D81BDFE342A357FD83,
				01892335AE60AA0D3C36B1AE,
				2E4A59D192CE62E9D27F1057,
				8CD361F32E9A67D83A596F13,
				6AB5D1629592378CA50F0DAA,
				1C4EC34F96F8C9D7246B2CD7,
				EC9E1A2DEFF72E3725509CF9,
			);
			name = Frameworks;
			sourceTree = "<group>";
		};
		DB9B5F200FB3775651DADB39 /* Source */ = {
			isa = PBXGroup;
			children = (
				4FF4EF93629173293AA1E0BB,
				747A6441281EEB90F40114C3,
				97AD29B7036BC03C75E1DA7B,
				6D4D7137D4835ACE1A2071FB,
				CA06DEFE6C606B24CD80519A,
				9D365CC7DFB53C13C0B17B10,
			);
			name = Source;
			sourceTree = "<group>";
		};
/* End PBXGroup section */

/* Begin PBXNativeTarget section */
		0F7D02E450A10F88BD7E1ACD /* NewProject - App */ = {
			isa = PBXNativeTarget;
			buildConfigurationList = 5CA0FDAAA193FEFE83BF42C1;
			buildPhases = (
				0F504B42873074ED869FBAD7,
				FDB4F8EC8B0D77879E886BC8,
				27566C2CDC0BF2F58E489107,
			);
			buildRules = (
			);
			dependencies = (
			);
			name = "NewProject - App";
			productName = NewProject;
			productReference = EB3EAF2A0C29F0D4AF995836;
			productType = "com.apple.product-type.application";
		};
/* End PBXNativeTarget section */

/* Begin PBXProject section */
		0DC207F58CCC1B13EEFED4EC = {
			isa = PBXProject;
			attributes = {
				BuildIndependentTargetsInParallel = YES;
				LastUpgradeCheck = 1340;
				ORGANIZATIONNAME = "";
				TargetAttributes = {
					0F7D02E450A10F88BD7E1ACD = {
						SystemCapabilities = {
							com.apple.ApplicationGroups.iOS = {
								enabled = 0;
							};
							com.apple.HardenedRuntime = {
								enabled = 0;
							};
							com.apple.InAppPurchase = {
								enabled = 0;
							};
							com.apple.InterAppAudio = {
								enabled = 0;
							};
							com.apple.Push = {
								enabled = 0;
							};
							com.apple.Sandbox = {
								enabled = 0;
							};
						};
					};
				};
			};
			buildConfigurationList = DB5B175B8EAE3C492EBEAEA7;
			compatibilityVersion = "Xcode 3.2";
			hasScannedForEncodings = 0;
			knownRegions = (
				en,
				Base,
			);
			mainGroup = DB9B5F200FB3775651DADB39;
			projectDirPath = "";
			projectRoot = "";
			targets = (
				0F7D02E450A10F88BD7E1ACD,
			);
		};
/* End PBXProject section */

/* Begin PBXResourcesBuildPhase section */
		0F504B42873074ED869FBAD7 = {
			isa = PBXResourcesBuildPhase;
			buildActionMask = 2147483647;
			files = (
				D5A6CEE63DEAFE109F11C64E,
			);
			runOnlyForDeploymentPostprocessing = 0;
		};
/* End PBXResourcesBuildPhase section */

/* Begin PBXSourcesBuildPhase section */
		FDB4F8EC8B0D77879E886BC8 = {
			isa = PBXSourcesBuildPhase;
			buildActionMask = 2147483647;
			files = (
				972C31E2AD1396C998E9AEC9,
				EF9BEEC6A59D31CD330CF76C,
				817B4CD397A3C045B6B438CF,
				109CDA28F9F539A31D051199,
				04FE4034254F9392AE82AB23,
				18C414B8FC1342BCD8FDF5CC,
				08847E5A5BFC595DA9BFBEB4,
				F45C421552508779E04512F5,
				1A77746432E817B6D60DB0C2,
				37C75AE01CA4D516166F281D,
				FD5ABBC979EB4AFA75F94D01,
				E07CC42E59BF56C907FA10E7,
				CEE2541BEBB938928A516541,
				4AB464DC0FF3D15FECA47675,
				6DAB43F2834F1212DD74E005,
				9E97EA38CFDD0A7826984DEF,
				13E9C086C6E90E91C69CF4C3,
				90DF1A6756DB85405D121B53,
				DDC31D178A3AE01754B2BB60,
				EDD0E595E3D3310E2EB5E631,
				314D6CC1D5B685977CE97DEC,
				5B438752158510D493C4C540,
				DA17F59030FF79347545A60F,
				8EA9AC40EA0ED166A4C85A6D,
				5F73CA7553DF09A2962C8E63,
				4ECFF5698A0D55470AE4F880,
				2D1194CF13E9BA58B9D9812F,
				6C2989AAD2770245E5B18445,
				5D391F8986E19D62F376D9FE,
				2D524950643DF7DFB554AE3C,
			);
			runOnlyForDeploymentPostprocessing = 0;
		};
/* End PBXSourcesBuildPhase section */

/* Begin XCBuildConfiguration section */
		139CA4536BEFD81728E3AC0E /* Release */ = {
			isa = XCBuildConfiguration;
			buildSettings = {
				ALWAYS_SEARCH_USER_PATHS = NO;
				CLANG_ENABLE_OBJC_WEAK = YES;
				CLANG_WARN_BLOCK_CAPTURE_AUTORELEASING = YES;
				CLANG_WARN_BOOL_CONVERSION = YES;
				CLANG_WARN_COMMA = YES;
				CLANG_WARN_CONSTANT_CONVERSION = YES;
				CLANG_WARN_DEPRECATED_OBJC_IMPLEMENTATIONS = YES;
				CLANG_WARN_EMPTY_BODY = YES;
				CLANG_WARN_ENUM_CONVERSION = YES;
				CLANG_WARN_INFINITE_RECURSION = YES;
				CLANG_WARN_INT_CONVERSION = YES;
				CLANG_WARN_NON_LITERAL_NULL_CONVERSION = YES;
				CLANG_WARN_OBJC_IMPLICIT_RETAIN_SELF = YES;
				CLANG_WARN_OBJC_LITERAL_CONVERSION = YES;
				CLANG_WARN_RANGE_LOOP_ANALYSIS = YES;
				CLANG_WARN_STRICT_PROTOTYPES = YES;
				CLANG_WARN_SUSPICIOUS_MOVE = YES;
				CLANG_WARN_UNREACHABLE_CODE = YES;
				CLANG_WARN__DUPLICATE_METHOD_MATCH = YES;
				DEBUG_INFORMATION_FORMAT = dwarf;
				ENABLE_STRICT_OBJC_MSGSEND = YES;
				ENABLE_TESTABILITY = NO;
				GCC_C_LANGUAGE_STANDARD = c11;
				GCC_INLINES_ARE_PRIVATE_EXTERN = YES;
				GCC_MODEL_TUNING = G5;
				GCC_NO_COMMON_BLOCKS = YES;
				GCC_SYMBOLS_PRIVATE_EXTERN = YES;
				GCC_WARN_64_TO_32_BIT_CONVERSION = YES;
				GCC_WARN_ABOUT_RETURN_TYPE = YES;
				GCC_WARN_CHECK_SWITCH_STATEMENTS = YES;
				GCC_WARN_MISSING_PARENTHESES = YES;
				GCC_WARN_NON_VIRTUAL_DESTRUCTOR = YES;
				GCC_WARN_TYPECHECK_CALLS_TO_PRINTF = YES;
				GCC_WARN_UNDECLARED_SELECTOR = YES;
				GCC_WARN_UNINITIALIZED_AUTOS = YES;
				GCC_WARN_UNUSED_FUNCTION = YES;
				GCC_WARN_UNUSED_VARIABLE = YES;
				OTHER_CODE_SIGN_FLAGS = --timestamp;
				PRODUCT_NAME = "NewProject";
				SDKROOT = macosx;
				WARNING_CFLAGS = "-Wreorder";
				ZERO_LINK = NO;
			};
			name = Release;
		};
		73AF2C7DB998BC16A223A384 /* Debug */ = {
			isa = XCBuildConfiguration;
			buildSettings = {
				ALWAYS_SEARCH_USER_PATHS = NO;
				CLANG_ENABLE_OBJC_WEAK = YES;
				CLANG_WARN_BLOCK_CAPTURE_AUTORELEASING = YES;
				CLANG_WARN_BOOL_CONVERSION = YES;
				CLANG_WARN_COMMA = YES;
				CLANG_WARN_CONSTANT_CONVERSION = YES;
				CLANG_WARN_DEPRECATED_OBJC_IMPLEMENTATIONS = YES;
				CLANG_WARN_EMPTY_BODY = YES;
				CLANG_WARN_ENUM_CONVERSION = YES;
				CLANG_WARN_INFINITE_RECURSION = YES;
				CLANG_WARN_INT_CONVERSION = YES;
				CLANG_WARN_NON_LITERAL_NULL_CONVERSION = YES;
				CLANG_WARN_OBJC_IMPLICIT_RETAIN_SELF = YES;
				CLANG_WARN_OBJC_LITERAL_CONVERSION = YES;
				CLANG_WARN_RANGE_LOOP_ANALYSIS = YES;
				CLANG_WARN_STRICT_PROTOTYPES = YES;
				CLANG_WARN_SUSPICIOUS_MOVE = YES;
				CLANG_WARN_UNREACHABLE_CODE = YES;
				CLANG_WARN__DUPLICATE_METHOD_MATCH = YES;
				DEBUG_INFORMATION_FORMAT = dwarf;
				ENABLE_STRICT_OBJC_MSGSEND = YES;
				ENABLE_TESTABILITY = NO;
				GCC_C_LANGUAGE_STANDARD = c11;
				GCC_INLINES_ARE_PRIVATE_EXTERN = YES;
				GCC_MODEL_TUNING = G5;
				GCC_NO_COMMON_BLOCKS = YES;
				GCC_SYMBOLS_PRIVATE_EXTERN = YES;
				GCC_WARN_64_TO_32_BIT_CONVERSION = YES;
				GCC_WARN_ABOUT_RETURN_TYPE = YES;
				GCC_WARN_CHECK_SWITCH_STATEMENTS = YES;
				GCC_WARN_MISSING_PARENTHESES = YES;
				GCC_WARN_NON_VIRTUAL_DESTRUCTOR = YES;
				GCC_WARN_TYPECHECK_CALLS_TO_PRINTF = YES;
				GCC_WARN_UNDECLARED_SELECTOR = YES;
				GCC_WARN_UNINITIALIZED_AUTOS = YES;
				GCC_WARN_UNUSED_FUNCTION = YES;
				GCC_WARN_UNUSED_VARIABLE = YES;
				ONLY_ACTIVE_ARCH = YES;
				OTHER_CODE_SIGN_FLAGS = --timestamp;
				PRODUCT_NAME = "NewProject";
				SDKROOT = macosx;
				WARNING_CFLAGS = "-Wreorder";
				ZERO_LINK = NO;
			};
			name = Debug;
		};
		9FF76F1068B97051D787D8D8 /* Release */ = {
			isa = XCBuildConfiguration;
			buildSettings = {
				CLANG_CXX_LANGUAGE_STANDARD = "c++17";
				CLANG_CXX_LIBRARY = "libc++";
				CLANG_LINK_OBJC_RUNTIME = NO;
				COMBINE_HIDPI_IMAGES = YES;
				CONFIGURATION_BUILD_DIR = "$(PROJECT_DIR)/build/$(CONFIGURATION)";
				DEAD_CODE_STRIPPING = YES;
				EXCLUDED_ARCHS = "";
				GCC_GENERATE_DEBUGGING_SYMBOLS = NO;
				GCC_OPTIMIZATION_LEVEL = 3;
				GCC_PREPROCESSOR_DEFINITIONS = (
					"_NDEBUG=1",
					"NDEBUG=1",
					"JUCE_PROJUCER_VERSION=0x80006",
					"JUCE_MODULE_AVAILABLE_juce_analytics=1",
					"JUCE_MODULE_AVAILABLE_juce_animation=1",
					"JUCE_MODULE_AVAILABLE_juce_audio_basics=1",
					"JUCE_MODULE_AVAILABLE_juce_audio_devices=1",
					"JUCE_MODULE_AVAILABLE_juce_audio_formats=1",
					"JUCE_MODULE_AVAILABLE_juce_audio_plugin_client=1",
					"JUCE_MODULE_AVAILABLE_juce_audio_processors=1",
					"JUCE_MODULE_AVAILABLE_juce_audio_utils=1",
					"JUCE_MODULE_AVAILABLE_juce_box2d=1",
					"JUCE_MODULE_AVAILABLE_juce_core=1",
					"JUCE_MODULE_AVAILABLE_juce_cryptography=1",
					"JUCE_MODULE_AVAILABLE_juce_data_structures=1",
					"JUCE_MODULE_AVAILABLE_juce_dsp=1",
					"JUCE_MODULE_AVAILABLE_juce_events=1",
					"JUCE_MODULE_AVAILABLE_juce_graphics=1",
					"JUCE_MODULE_AVAILABLE_juce_gui_basics=1",
					"JUCE_MODULE_AVAILABLE_juce_gui_extra=1",
					"JUCE_MODULE_AVAILABLE_juce_javascript=1",
					"JUCE_MODULE_AVAILABLE_juce_midi_ci=1",
					"JUCE_MODULE_AVAILABLE_juce_opengl=1",
					"JUCE_MODULE_AVAILABLE_juce_osc=1",
					"JUCE_MODULE_AVAILABLE_juce_product_unlocking=1",
					"JUCE_MODULE_AVAILABLE_juce_video=1",
					"JUCE_GLOBAL_MODULE_SETTINGS_INCLUDED=1",
					"JUCE_STRICT_REFCOUNTEDPOINTER=1",
					"JUCE_STANDALONE_APPLICATION=1",
					"JUCER_XCODE_MAC_F6D2F4CF=1",
					"JUCE_APP_VERSION=1.0.0",
					"JUCE_APP_VERSION_HEX=0x10000",
					"JucePlugin_Build_VST=0",
					"JucePlugin_Build_VST3=0",
					"JucePlugin_Build_AU=0",
					"JucePlugin_Build_AUv3=0",
					"JucePlugin_Build_AAX=0",
					"JucePlugin_Build_Standalone=0",
					"JucePlugin_Build_Unity=0",
					"JucePlugin_Build_LV2=0",
				);
				GCC_VERSION = com.apple.compilers.llvm.clang.1_0;
				HEADER_SEARCH_PATHS = (
					"$(SRCROOT)/../../JuceLibraryCode",
					"/Users/prathambansal/Projects/Streamline/JUCE/JUCE/modules",
					"/Users/prathambansal/Projects/Streamline/JUCE/JUCE/modules/juce_audio_plugin_client/AU",
					"$(inherited)",
				);
				INFOPLIST_FILE = Info-App.plist;
				INFOPLIST_PREPROCESS = NO;
				INSTALL_PATH = "$(HOME)/Applications";
				LLVM_LTO = YES;
				MACOSX_DEPLOYMENT_TARGET = 10.13;
				MTL_HEADER_SEARCH_PATHS = "$(SRCROOT)/../../JuceLibraryCode /Users/prathambansal/Projects/Streamline/JUCE/JUCE/modules /Users/prathambansal/Projects/Streamline/JUCE/JUCE/modules/juce_audio_plugin_client/AU";
				PRODUCT_BUNDLE_IDENTIFIER = com.yourcompany.NewProject;
				PRODUCT_NAME = "NewProject";
				USE_HEADERMAP = NO;
				VALIDATE_WORKSPACE_SKIPPED_SDK_FRAMEWORKS = OpenGL;
				VALID_ARCHS = "i386 x86_64 arm64 arm64e";
			};
			name = Release;
		};
		DFDEBA3AD381618B0615CB2E /* Debug */ = {
			isa = XCBuildConfiguration;
			buildSettings = {
				CLANG_CXX_LANGUAGE_STANDARD = "c++17";
				CLANG_CXX_LIBRARY = "libc++";
				CLANG_LINK_OBJC_RUNTIME = NO;
				COMBINE_HIDPI_IMAGES = YES;
				CONFIGURATION_BUILD_DIR = "$(PROJECT_DIR)/build/$(CONFIGURATION)";
				COPY_PHASE_STRIP = NO;
				EXCLUDED_ARCHS = "";
				GCC_DYNAMIC_NO_PIC = NO;
				GCC_OPTIMIZATION_LEVEL = 0;
				GCC_PREPROCESSOR_DEFINITIONS = (
					"_DEBUG=1",
					"DEBUG=1",
					"JUCE_PROJUCER_VERSION=0x80006",
					"JUCE_MODULE_AVAILABLE_juce_analytics=1",
					"JUCE_MODULE_AVAILABLE_juce_animation=1",
					"JUCE_MODULE_AVAILABLE_juce_audio_basics=1",
					"JUCE_MODULE_AVAILABLE_juce_audio_devices=1",
					"JUCE_MODULE_AVAILABLE_juce_audio_formats=1",
					"JUCE_MODULE_AVAILABLE_juce_audio_plugin_client=1",
					"JUCE_MODULE_AVAILABLE_juce_audio_processors=1",
					"JUCE_MODULE_AVAILABLE_juce_audio_utils=1",
					"JUCE_MODULE_AVAILABLE_juce_box2d=1",
					"JUCE_MODULE_AVAILABLE_juce_core=1",
					"JUCE_MODULE_AVAILABLE_juce_cryptography=1",
					"JUCE_MODULE_AVAILABLE_juce_data_structures=1",
					"JUCE_MODULE_AVAILABLE_juce_dsp=1",
					"JUCE_MODULE_AVAILABLE_juce_events=1",
					"JUCE_MODULE_AVAILABLE_juce_graphics=1",
					"JUCE_MODULE_AVAILABLE_juce_gui_basics=1",
					"JUCE_MODULE_AVAILABLE_juce_gui_extra=1",
					"JUCE_MODULE_AVAILABLE_juce_javascript=1",
					"JUCE_MODULE_AVAILABLE_juce_midi_ci=1",
					"JUCE_MODULE_AVAILABLE_juce_opengl=1",
					"JUCE_MODULE_AVAILABLE_juce_osc=1",
					"JUCE_MODULE_AVAILABLE_juce_product_unlocking=1",
					"JUCE_MODULE_AVAILABLE_juce_video=1",
					"JUCE_GLOBAL_MODULE_SETTINGS_INCLUDED=1",
					"JUCE_STRICT_REFCOUNTEDPOINTER=1",
					"JUCE_STANDALONE_APPLICATION=1",
					"JUCER_XCODE_MAC_F6D2F4CF=1",
					"JUCE_APP_VERSION=1.0.0",
					"JUCE_APP_VERSION_HEX=0x10000",
					"JucePlugin_Build_VST=0",
					"JucePlugin_Build_VST3=0",
					"JucePlugin_Build_AU=0",
					"JucePlugin_Build_AUv3=0",
					"JucePlugin_Build_AAX=0",
					"JucePlugin_Build_Standalone=0",
					"JucePlugin_Build_Unity=0",
					"JucePlugin_Build_LV2=0",
				);
				GCC_VERSION = com.apple.compilers.llvm.clang.1_0;
				HEADER_SEARCH_PATHS = (
					"$(SRCROOT)/../../JuceLibraryCode",
					"/Users/prathambansal/Projects/Streamline/JUCE/JUCE/modules",
					"/Users/prathambansal/Projects/Streamline/JUCE/JUCE/modules/juce_audio_plugin_client/AU",
					"$(inherited)",
				);
				INFOPLIST_FILE = Info-App.plist;
				INFOPLIST_PREPROCESS = NO;
				INSTALL_PATH = "$(HOME)/Applications";
				MACOSX_DEPLOYMENT_TARGET = 10.13;
				MTL_HEADER_SEARCH_PATHS = "$(SRCROOT)/../../JuceLibraryCode /Users/prathambansal/Projects/Streamline/JUCE/JUCE/modules /Users/prathambansal/Projects/Streamline/JUCE/JUCE/modules/juce_audio_plugin_client/AU";
				PRODUCT_BUNDLE_IDENTIFIER = com.yourcompany.NewProject;
				PRODUCT_NAME = "NewProject";
				USE_HEADERMAP = NO;
				VALIDATE_WORKSPACE_SKIPPED_SDK_FRAMEWORKS = OpenGL;
				VALID_ARCHS = "i386 x86_64 arm64 arm64e";
			};
			name = Debug;
		};
/* End XCBuildConfiguration section */

/* Begin XCConfigurationList section */
		5CA0FDAAA193FEFE83BF42C1 = {
			isa = XCConfigurationList;
			buildConfigurations = (
				DFDEBA3AD381618B0615CB2E,
				9FF76F1068B97051D787D8D8,
			);
			defaultConfigurationIsVisible = 0;
			defaultConfigurationName = Debug;
		};
		DB5B175B8EAE3C492EBEAEA7 = {
			isa = XCConfigurationList;
			buildConfigurations = (
				139CA4536BEFD81728E3AC0E,
				73AF2C7DB998BC16A223A384,
			);
			defaultConfigurationIsVisible = 0;
			defaultConfigurationName = Debug;
		};
/* End XCConfigurationList section */
	};
	rootObject = 0DC207F58CCC1B13EEFED4EC /* Project object */;
}
